
Microsoft Visual Studio Solution File, Format Version 12.00
# Visual Studio Version 17
VisualStudioVersion = 17.10.35013.160
MinimumVisualStudioVersion = 10.0.40219.1
Project("{FAE04EC0-301F-11D3-BF4B-00C04F79EFBC}") = "ovixInstaller", "ovixInstaller\ovixInstaller.csproj", "{0739B41E-6356-4751-901C-485088A8A1B8}"
EndProject
Global
	GlobalSection(SolutionConfigurationPlatforms) = preSolution
		Debug|Any CPU = Debug|Any CPU
		Release|Any CPU = Release|Any CPU
	EndGlobalSection
	GlobalSection(ProjectConfigurationPlatforms) = postSolution
		{0739B41E-6356-4751-901C-485088A8A1B8}.Debug|Any CPU.ActiveCfg = Debug|Any CPU
		{0739B41E-6356-4751-901C-485088A8A1B8}.Debug|Any CPU.Build.0 = Debug|Any CPU
		{0739B41E-6356-4751-901C-485088A8A1B8}.Release|Any CPU.ActiveCfg = Release|Any CPU
		{0739B41E-6356-4751-901C-485088A8A1B8}.Release|Any CPU.Build.0 = Release|Any CPU
	EndGlobalSection
	GlobalSection(SolutionProperties) = preSolution
		HideSolutionNode = FALSE
	EndGlobalSection
	GlobalSection(ExtensibilityGlobals) = postSolution
		SolutionGuid = {E4AFDA85-97B5-40CC-A91C-DA30BD23FE1A}
	EndGlobalSection
EndGlobal
